{
  "meteor": {},
  "dependencies": {
    "basePackages": {
      "iron-router": {},
      "fast-render": {},
      "nprogress": {},
      "npm": {},
      "publish-with-relations": {},
      "easy-search": {},
      "collection-behaviours": {}
    },
    "packages": {
      "iron-router": {
        "git": "https://github.com/EventedMind/iron-router.git",
        "tag": "v0.7.1",
        "commit": "d1ffb3f06ea4c112132b030f2eb1a70b81675ecb"
      },
      "fast-render": {
        "git": "https://github.com/arunoda/meteor-fast-render.git",
        "tag": "v0.2.5",
        "commit": "93e2fb334e55fbe9b5ebb2a2e65964018658f43e"
      },
      "nprogress": {
        "git": "https://github.com/zhouzhuojie/meteor-nprogress.git",
        "tag": "v0.0.4",
        "commit": "8333206b751a24fac1fbd1b03fa37621bcefe50c"
      },
      "npm": {
        "git": "https://github.com/arunoda/meteor-npm.git",
        "tag": "v0.2.6",
        "commit": "177ab6118de5bf8cffb19481343d5762ff7a2aaf"
      },
      "publish-with-relations": {
        "git": "https://github.com/erundook/meteor-publish-with-relations.git",
        "tag": "v0.1.5",
        "commit": "98213e9f056b139597c99fb9ec2884ae6be76d91"
      },
      "easy-search": {
        "git": "https://github.com/matteodem/meteor-easy-search.git",
        "tag": "v0.4.0",
        "commit": "6ab16e6c4b505d6d02de8be7e1633f6561af971f"
      },
      "collection-behaviours": {
        "git": "https://github.com/Sewdn/meteor-collection-behaviours.git",
        "tag": "v0.1.3",
        "commit": "c32b033ba327e3ab55b7124428285e3479356126"
      },
      "blaze-layout": {
        "git": "https://github.com/EventedMind/blaze-layout.git",
        "tag": "v0.2.4",
        "commit": "b40e9b0612329288d75cf52ad14a7da64bb8618f"
      },
      "collection-hooks": {
        "git": "https://github.com/matb33/meteor-collection-hooks.git",
        "tag": "v0.5.4",
        "commit": "7f286358af49ffc1a63e97354f2f306a911bacc0"
      }
    }
  }
}
