{
  "meteor": {},
  "dependencies": {
    "basePackages": {
      "iron-router": {},
      "fast-render": {},
      "jquery": {
        "git": "https://github.com/nrafter/meteor-jquery.git",
        "tag": "v2.0.31"
      },
      "bourbon": {
        "git": "https://github.com/stevezhu/meteor-bourbon.git",
        "tag": "v3.1.8.2"
      },
      "neat": {
        "git": "https://github.com/stevezhu/meteor-neat.git",
        "tag": "v1.5.0.3"
      },
      "nprogress": {}
    },
    "packages": {
      "iron-router": {
        "git": "https://github.com/EventedMind/iron-router.git",
        "tag": "v0.6.2",
        "commit": "ce56e58b45624dce992490f3a1c10f10d3948bae"
      },
      "fast-render": {
        "git": "https://github.com/arunoda/meteor-fast-render.git",
        "tag": "v0.1.4",
        "commit": "8d28f77452c02b529dee8abfa672f2b093377f1b"
      },
      "jquery": {
        "git": "https://github.com/nrafter/meteor-jquery.git",
        "tag": "v2.0.31",
        "commit": "3edf878d51e6f03eff70e1a7a969a19f42b6f1a1"
      },
      "bourbon": {
        "git": "https://github.com/stevezhu/meteor-bourbon.git",
        "tag": "v3.1.8.2",
        "commit": "646296cd13075844c6edb128e934215ab9986b48"
      },
      "neat": {
        "git": "https://github.com/stevezhu/meteor-neat.git",
        "tag": "v1.5.0.3",
        "commit": "6d791cc3aed5e3d40b112cdbf3f79ea99a242c6f"
      },
      "nprogress": {
        "git": "https://github.com/zhouzhuojie/meteor-nprogress.git",
        "tag": "v0.0.3",
        "commit": "ffd1c5dd400af64121197f4e637a215c4b6b1fc7"
      }
    }
  }
}
